
Microsoft Visual Studio Solution File, Format Version 12.00
# Visual Studio Version 17
VisualStudioVersion = 17.0.31903.59
MinimumVisualStudioVersion = 10.0.40219.1
Project("{FAE04EC0-301F-11D3-BF4B-00C04F79EFBC}") = "challange-001", "challange-001\challange-001.csproj", "{05459521-A2BB-42B6-861B-DA119AB64CB4}"
EndProject
Global
	GlobalSection(SolutionConfigurationPlatforms) = preSolution
		Debug|Any CPU = Debug|Any CPU
		Release|Any CPU = Release|Any CPU
	EndGlobalSection
	GlobalSection(ProjectConfigurationPlatforms) = postSolution
		{05459521-A2BB-42B6-861B-DA119AB64CB4}.Debug|Any CPU.ActiveCfg = Debug|Any CPU
		{05459521-A2BB-42B6-861B-DA119AB64CB4}.Debug|Any CPU.Build.0 = Debug|Any CPU
		{05459521-A2BB-42B6-861B-DA119AB64CB4}.Release|Any CPU.ActiveCfg = Release|Any CPU
		{05459521-A2BB-42B6-861B-DA119AB64CB4}.Release|Any CPU.Build.0 = Release|Any CPU
	EndGlobalSection
	GlobalSection(SolutionProperties) = preSolution
		HideSolutionNode = FALSE
	EndGlobalSection
	GlobalSection(ExtensibilityGlobals) = postSolution
		SolutionGuid = {46078C9B-C5F4-4405-9DF3-FF75C4303BE5}
	EndGlobalSection
EndGlobal
